
Microsoft Visual Studio Solution File, Format Version 12.00
# Visual Studio Version 17
VisualStudioVersion = 17.10.35027.167
MinimumVisualStudioVersion = 10.0.40219.1
Project("{9A19103F-16F7-4668-BE54-9A1E7A4F7556}") = "BuberDinner.Api", "src\BuberDinner.Api\BuberDinner.Api.csproj", "{3FFA42FA-6769-484A-838D-0338A7F6A724}"
EndProject
Project("{9A19103F-16F7-4668-BE54-9A1E7A4F7556}") = "BuberDinner.Application", "src\BuberDinner.Application\BuberDinner.Application.csproj", "{7460A5DB-06E4-4092-98A2-8CF7C5648A72}"
EndProject
Project("{9A19103F-16F7-4668-BE54-9A1E7A4F7556}") = "BuberDinner.Contracts", "src\BuberDinner.Contracts\BuberDinner.Contracts.csproj", "{E233F5E5-8392-4DD7-BA1D-B5DBAFE24845}"
EndProject
Project("{9A19103F-16F7-4668-BE54-9A1E7A4F7556}") = "BuberDinner.Domain", "src\BuberDinner.Domain\BuberDinner.Domain.csproj", "{B1168B29-B3CF-4E3C-8A2D-04A7EC73FE1B}"
EndProject
Project("{9A19103F-16F7-4668-BE54-9A1E7A4F7556}") = "BuberDinner.Infrastructure", "src\BuberDinner.Infrastructure\BuberDinner.Infrastructure.csproj", "{0DC5A897-2B95-406F-A65F-1D8FB7A47C97}"
EndProject
Project("{FAE04EC0-301F-11D3-BF4B-00C04F79EFBC}") = "BuberDinner.Application.UnitTests", "tests\UnitTests\BuberDinner.Application.UnitTests\BuberDinner.Application.UnitTests.csproj", "{712B89E1-F3D1-4143-BBD9-32D1DAFF8383}"
EndProject
Project("{FAE04EC0-301F-11D3-BF4B-00C04F79EFBC}") = "BuberDinner.Domain.UnitTests", "tests\UnitTests\BuberDinner.Domain.UnitTests\BuberDinner.Domain.UnitTests.csproj", "{7DFA54D7-37AE-464F-A9EF-7B1BAD1F8F16}"
EndProject
Project("{FAE04EC0-301F-11D3-BF4B-00C04F79EFBC}") = "BuberDinner.Infrastructure.UnitTests", "tests\UnitTests\BuberDinner.Infrastructure.UnitTests\BuberDinner.Infrastructure.UnitTests.csproj", "{3D3F7F3D-54C5-4FAC-83FE-B1325EE1D609}"
EndProject
Project("{FAE04EC0-301F-11D3-BF4B-00C04F79EFBC}") = "BuberDinner.Api.UnitTests", "tests\UnitTests\BuberDinner.Api.UnitTests\BuberDinner.Api.UnitTests.csproj", "{62C20A76-B639-4C37-9136-FA568E9EC8C4}"
EndProject
Global
	GlobalSection(SolutionConfigurationPlatforms) = preSolution
		Debug|Any CPU = Debug|Any CPU
		Release|Any CPU = Release|Any CPU
	EndGlobalSection
	GlobalSection(ProjectConfigurationPlatforms) = postSolution
		{3FFA42FA-6769-484A-838D-0338A7F6A724}.Debug|Any CPU.ActiveCfg = Debug|Any CPU
		{3FFA42FA-6769-484A-838D-0338A7F6A724}.Debug|Any CPU.Build.0 = Debug|Any CPU
		{3FFA42FA-6769-484A-838D-0338A7F6A724}.Release|Any CPU.ActiveCfg = Release|Any CPU
		{3FFA42FA-6769-484A-838D-0338A7F6A724}.Release|Any CPU.Build.0 = Release|Any CPU
		{7460A5DB-06E4-4092-98A2-8CF7C5648A72}.Debug|Any CPU.ActiveCfg = Debug|Any CPU
		{7460A5DB-06E4-4092-98A2-8CF7C5648A72}.Debug|Any CPU.Build.0 = Debug|Any CPU
		{7460A5DB-06E4-4092-98A2-8CF7C5648A72}.Release|Any CPU.ActiveCfg = Release|Any CPU
		{7460A5DB-06E4-4092-98A2-8CF7C5648A72}.Release|Any CPU.Build.0 = Release|Any CPU
		{E233F5E5-8392-4DD7-BA1D-B5DBAFE24845}.Debug|Any CPU.ActiveCfg = Debug|Any CPU
		{E233F5E5-8392-4DD7-BA1D-B5DBAFE24845}.Debug|Any CPU.Build.0 = Debug|Any CPU
		{E233F5E5-8392-4DD7-BA1D-B5DBAFE24845}.Release|Any CPU.ActiveCfg = Release|Any CPU
		{E233F5E5-8392-4DD7-BA1D-B5DBAFE24845}.Release|Any CPU.Build.0 = Release|Any CPU
		{B1168B29-B3CF-4E3C-8A2D-04A7EC73FE1B}.Debug|Any CPU.ActiveCfg = Debug|Any CPU
		{B1168B29-B3CF-4E3C-8A2D-04A7EC73FE1B}.Debug|Any CPU.Build.0 = Debug|Any CPU
		{B1168B29-B3CF-4E3C-8A2D-04A7EC73FE1B}.Release|Any CPU.ActiveCfg = Release|Any CPU
		{B1168B29-B3CF-4E3C-8A2D-04A7EC73FE1B}.Release|Any CPU.Build.0 = Release|Any CPU
		{0DC5A897-2B95-406F-A65F-1D8FB7A47C97}.Debug|Any CPU.ActiveCfg = Debug|Any CPU
		{0DC5A897-2B95-406F-A65F-1D8FB7A47C97}.Debug|Any CPU.Build.0 = Debug|Any CPU
		{0DC5A897-2B95-406F-A65F-1D8FB7A47C97}.Release|Any CPU.ActiveCfg = Release|Any CPU
		{0DC5A897-2B95-406F-A65F-1D8FB7A47C97}.Release|Any CPU.Build.0 = Release|Any CPU
		{712B89E1-F3D1-4143-BBD9-32D1DAFF8383}.Debug|Any CPU.ActiveCfg = Debug|Any CPU
		{712B89E1-F3D1-4143-BBD9-32D1DAFF8383}.Debug|Any CPU.Build.0 = Debug|Any CPU
		{712B89E1-F3D1-4143-BBD9-32D1DAFF8383}.Release|Any CPU.ActiveCfg = Release|Any CPU
		{712B89E1-F3D1-4143-BBD9-32D1DAFF8383}.Release|Any CPU.Build.0 = Release|Any CPU
		{7DFA54D7-37AE-464F-A9EF-7B1BAD1F8F16}.Debug|Any CPU.ActiveCfg = Debug|Any CPU
		{7DFA54D7-37AE-464F-A9EF-7B1BAD1F8F16}.Debug|Any CPU.Build.0 = Debug|Any CPU
		{7DFA54D7-37AE-464F-A9EF-7B1BAD1F8F16}.Release|Any CPU.ActiveCfg = Release|Any CPU
		{7DFA54D7-37AE-464F-A9EF-7B1BAD1F8F16}.Release|Any CPU.Build.0 = Release|Any CPU
		{3D3F7F3D-54C5-4FAC-83FE-B1325EE1D609}.Debug|Any CPU.ActiveCfg = Debug|Any CPU
		{3D3F7F3D-54C5-4FAC-83FE-B1325EE1D609}.Debug|Any CPU.Build.0 = Debug|Any CPU
		{3D3F7F3D-54C5-4FAC-83FE-B1325EE1D609}.Release|Any CPU.ActiveCfg = Release|Any CPU
		{3D3F7F3D-54C5-4FAC-83FE-B1325EE1D609}.Release|Any CPU.Build.0 = Release|Any CPU
		{62C20A76-B639-4C37-9136-FA568E9EC8C4}.Debug|Any CPU.ActiveCfg = Debug|Any CPU
		{62C20A76-B639-4C37-9136-FA568E9EC8C4}.Debug|Any CPU.Build.0 = Debug|Any CPU
		{62C20A76-B639-4C37-9136-FA568E9EC8C4}.Release|Any CPU.ActiveCfg = Release|Any CPU
		{62C20A76-B639-4C37-9136-FA568E9EC8C4}.Release|Any CPU.Build.0 = Release|Any CPU
	EndGlobalSection
	GlobalSection(SolutionProperties) = preSolution
		HideSolutionNode = FALSE
	EndGlobalSection
	GlobalSection(ExtensibilityGlobals) = postSolution
		SolutionGuid = {DD4DF3CB-1457-474F-978E-A27AC5EC15C9}
	EndGlobalSection
EndGlobal
