
Microsoft Visual Studio Solution File, Format Version 12.00
# Visual Studio Version 17
VisualStudioVersion = 17.0.31903.59
MinimumVisualStudioVersion = 10.0.40219.1
Project("{FAE04EC0-301F-11D3-BF4B-00C04F79EFBC}") = "BuberDinner.Domain", "BuberDinner.Domain\BuberDinner.Domain.csproj", "{A0750729-DCC2-4416-9429-1ED7ED005780}"
EndProject
Project("{FAE04EC0-301F-11D3-BF4B-00C04F79EFBC}") = "BuberDinner.Infrastructure", "BuberDinner.Infrastructure\BuberDinner.Infrastructure.csproj", "{18ECBD44-2B4A-429C-80FC-9B859AD88A33}"
EndProject
Project("{FAE04EC0-301F-11D3-BF4B-00C04F79EFBC}") = "BuberDinner.Contracts", "BuberDinner.Contracts\BuberDinner.Contracts.csproj", "{358B351B-9ED2-4662-A98B-897EEC1F31B2}"
EndProject
Project("{FAE04EC0-301F-11D3-BF4B-00C04F79EFBC}") = "BuberDinner.Api", "BuberDinner.Api\BuberDinner.Api.csproj", "{215EB250-ACBD-429B-93E0-BCAD31C59EBB}"
EndProject
Project("{FAE04EC0-301F-11D3-BF4B-00C04F79EFBC}") = "BuberDinner.Application", "BuberDinner.Application\BuberDinner.Application.csproj", "{06E1085B-9002-4FFE-BC70-D9A1A6432797}"
EndProject
Global
	GlobalSection(SolutionConfigurationPlatforms) = preSolution
		Debug|Any CPU = Debug|Any CPU
		Release|Any CPU = Release|Any CPU
	EndGlobalSection
	GlobalSection(ProjectConfigurationPlatforms) = postSolution
		{A0750729-DCC2-4416-9429-1ED7ED005780}.Debug|Any CPU.ActiveCfg = Debug|Any CPU
		{A0750729-DCC2-4416-9429-1ED7ED005780}.Debug|Any CPU.Build.0 = Debug|Any CPU
		{A0750729-DCC2-4416-9429-1ED7ED005780}.Release|Any CPU.ActiveCfg = Release|Any CPU
		{A0750729-DCC2-4416-9429-1ED7ED005780}.Release|Any CPU.Build.0 = Release|Any CPU
		{18ECBD44-2B4A-429C-80FC-9B859AD88A33}.Debug|Any CPU.ActiveCfg = Debug|Any CPU
		{18ECBD44-2B4A-429C-80FC-9B859AD88A33}.Debug|Any CPU.Build.0 = Debug|Any CPU
		{18ECBD44-2B4A-429C-80FC-9B859AD88A33}.Release|Any CPU.ActiveCfg = Release|Any CPU
		{18ECBD44-2B4A-429C-80FC-9B859AD88A33}.Release|Any CPU.Build.0 = Release|Any CPU
		{358B351B-9ED2-4662-A98B-897EEC1F31B2}.Debug|Any CPU.ActiveCfg = Debug|Any CPU
		{358B351B-9ED2-4662-A98B-897EEC1F31B2}.Debug|Any CPU.Build.0 = Debug|Any CPU
		{358B351B-9ED2-4662-A98B-897EEC1F31B2}.Release|Any CPU.ActiveCfg = Release|Any CPU
		{358B351B-9ED2-4662-A98B-897EEC1F31B2}.Release|Any CPU.Build.0 = Release|Any CPU
		{215EB250-ACBD-429B-93E0-BCAD31C59EBB}.Debug|Any CPU.ActiveCfg = Debug|Any CPU
		{215EB250-ACBD-429B-93E0-BCAD31C59EBB}.Debug|Any CPU.Build.0 = Debug|Any CPU
		{215EB250-ACBD-429B-93E0-BCAD31C59EBB}.Release|Any CPU.ActiveCfg = Release|Any CPU
		{215EB250-ACBD-429B-93E0-BCAD31C59EBB}.Release|Any CPU.Build.0 = Release|Any CPU
		{06E1085B-9002-4FFE-BC70-D9A1A6432797}.Debug|Any CPU.ActiveCfg = Debug|Any CPU
		{06E1085B-9002-4FFE-BC70-D9A1A6432797}.Debug|Any CPU.Build.0 = Debug|Any CPU
		{06E1085B-9002-4FFE-BC70-D9A1A6432797}.Release|Any CPU.ActiveCfg = Release|Any CPU
		{06E1085B-9002-4FFE-BC70-D9A1A6432797}.Release|Any CPU.Build.0 = Release|Any CPU
	EndGlobalSection
	GlobalSection(SolutionProperties) = preSolution
		HideSolutionNode = FALSE
	EndGlobalSection
	GlobalSection(ExtensibilityGlobals) = postSolution
		SolutionGuid = {DD4DF3CB-1457-474F-978E-A27AC5EC15C9}
	EndGlobalSection
EndGlobal
